{
    "_meta": {
        "hash": {
            "sha256": "0e61144a44e68904fd6eaa5fe33bc132924440c063ff1972aff7188fa9e20cec"
        },
        "pipfile-spec": 6,
        "requires": {
            "python_version": "3.6"
        },
        "sources": [
            {
                "name": "pypi",
                "url": "https://pypi.org/simple",
                "verify_ssl": true
            }
        ]
    },
    "default": {
        "easysnmp": {
            "hashes": [
                "sha256:56cd64ce8d73d46a39b6166a750b0d1452657acf96adb51702aa5fd041b20f93"
            ],
            "index": "pypi",
            "version": "==0.2.5"
        },
        "graphviz": {
            "hashes": [
                "sha256:cb0e878f90378489f17aab140b68e64e44b79e4cb59a530c8863d84bf2e2e5f5",
                "sha256:e104ba036c8aef84320ec80560e544cd3cad68c9f90394b4e2b87bc44ab09791"
            ],
            "index": "pypi",
            "version": "==0.14"
        }
    },
    "develop": {}
}
